
Microsoft Visual Studio Solution File, Format Version 12.00
# Visual Studio 2012
Project("{FAE04EC0-301F-11D3-BF4B-00C04F79EFBC}") = "Algorithms", "Algorithms\Algorithms.csproj", "{9DC20377-83A8-4D9F-84A1-B0652D9C30B3}"
EndProject
Project("{FAE04EC0-301F-11D3-BF4B-00C04F79EFBC}") = "Models", "Models\Models.csproj", "{9C98B9F7-29B5-46D9-AB48-049DDB9D5117}"
EndProject
Project("{FAE04EC0-301F-11D3-BF4B-00C04F79EFBC}") = "MindstormController", "MindstormController\MindstormController.csproj", "{3BECF1FF-C60E-4352-878D-4FD5B6A38507}"
EndProject
Project("{FAE04EC0-301F-11D3-BF4B-00C04F79EFBC}") = "GestureEvaluator", "GestureEvaluator\GestureEvaluator.csproj", "{A649A1DB-901D-458F-B266-ABEF53006DB3}"
EndProject
Global
	GlobalSection(SolutionConfigurationPlatforms) = preSolution
		Debug|Any CPU = Debug|Any CPU
		Debug|Mixed Platforms = Debug|Mixed Platforms
		Debug|x86 = Debug|x86
		Release|Any CPU = Release|Any CPU
		Release|Mixed Platforms = Release|Mixed Platforms
		Release|x86 = Release|x86
	EndGlobalSection
	GlobalSection(ProjectConfigurationPlatforms) = postSolution
		{9DC20377-83A8-4D9F-84A1-B0652D9C30B3}.Debug|Any CPU.ActiveCfg = Debug|Any CPU
		{9DC20377-83A8-4D9F-84A1-B0652D9C30B3}.Debug|Any CPU.Build.0 = Debug|Any CPU
		{9DC20377-83A8-4D9F-84A1-B0652D9C30B3}.Debug|Mixed Platforms.ActiveCfg = Debug|x86
		{9DC20377-83A8-4D9F-84A1-B0652D9C30B3}.Debug|Mixed Platforms.Build.0 = Debug|x86
		{9DC20377-83A8-4D9F-84A1-B0652D9C30B3}.Debug|x86.ActiveCfg = Debug|x86
		{9DC20377-83A8-4D9F-84A1-B0652D9C30B3}.Debug|x86.Build.0 = Debug|x86
		{9DC20377-83A8-4D9F-84A1-B0652D9C30B3}.Release|Any CPU.ActiveCfg = Release|Any CPU
		{9DC20377-83A8-4D9F-84A1-B0652D9C30B3}.Release|Any CPU.Build.0 = Release|Any CPU
		{9DC20377-83A8-4D9F-84A1-B0652D9C30B3}.Release|Mixed Platforms.ActiveCfg = Release|x86
		{9DC20377-83A8-4D9F-84A1-B0652D9C30B3}.Release|Mixed Platforms.Build.0 = Release|x86
		{9DC20377-83A8-4D9F-84A1-B0652D9C30B3}.Release|x86.ActiveCfg = Release|x86
		{9DC20377-83A8-4D9F-84A1-B0652D9C30B3}.Release|x86.Build.0 = Release|x86
		{9C98B9F7-29B5-46D9-AB48-049DDB9D5117}.Debug|Any CPU.ActiveCfg = Debug|Any CPU
		{9C98B9F7-29B5-46D9-AB48-049DDB9D5117}.Debug|Any CPU.Build.0 = Debug|Any CPU
		{9C98B9F7-29B5-46D9-AB48-049DDB9D5117}.Debug|Mixed Platforms.ActiveCfg = Debug|x86
		{9C98B9F7-29B5-46D9-AB48-049DDB9D5117}.Debug|Mixed Platforms.Build.0 = Debug|x86
		{9C98B9F7-29B5-46D9-AB48-049DDB9D5117}.Debug|x86.ActiveCfg = Debug|x86
		{9C98B9F7-29B5-46D9-AB48-049DDB9D5117}.Debug|x86.Build.0 = Debug|x86
		{9C98B9F7-29B5-46D9-AB48-049DDB9D5117}.Release|Any CPU.ActiveCfg = Release|Any CPU
		{9C98B9F7-29B5-46D9-AB48-049DDB9D5117}.Release|Any CPU.Build.0 = Release|Any CPU
		{9C98B9F7-29B5-46D9-AB48-049DDB9D5117}.Release|Mixed Platforms.ActiveCfg = Release|x86
		{9C98B9F7-29B5-46D9-AB48-049DDB9D5117}.Release|Mixed Platforms.Build.0 = Release|x86
		{9C98B9F7-29B5-46D9-AB48-049DDB9D5117}.Release|x86.ActiveCfg = Release|x86
		{9C98B9F7-29B5-46D9-AB48-049DDB9D5117}.Release|x86.Build.0 = Release|x86
		{3BECF1FF-C60E-4352-878D-4FD5B6A38507}.Debug|Any CPU.ActiveCfg = Debug|Any CPU
		{3BECF1FF-C60E-4352-878D-4FD5B6A38507}.Debug|Any CPU.Build.0 = Debug|Any CPU
		{3BECF1FF-C60E-4352-878D-4FD5B6A38507}.Debug|Mixed Platforms.ActiveCfg = Debug|Any CPU
		{3BECF1FF-C60E-4352-878D-4FD5B6A38507}.Debug|Mixed Platforms.Build.0 = Debug|Any CPU
		{3BECF1FF-C60E-4352-878D-4FD5B6A38507}.Debug|x86.ActiveCfg = Debug|x86
		{3BECF1FF-C60E-4352-878D-4FD5B6A38507}.Debug|x86.Build.0 = Debug|x86
		{3BECF1FF-C60E-4352-878D-4FD5B6A38507}.Release|Any CPU.ActiveCfg = Release|Any CPU
		{3BECF1FF-C60E-4352-878D-4FD5B6A38507}.Release|Any CPU.Build.0 = Release|Any CPU
		{3BECF1FF-C60E-4352-878D-4FD5B6A38507}.Release|Mixed Platforms.ActiveCfg = Release|Any CPU
		{3BECF1FF-C60E-4352-878D-4FD5B6A38507}.Release|Mixed Platforms.Build.0 = Release|Any CPU
		{3BECF1FF-C60E-4352-878D-4FD5B6A38507}.Release|x86.ActiveCfg = Release|x86
		{3BECF1FF-C60E-4352-878D-4FD5B6A38507}.Release|x86.Build.0 = Release|x86
		{A649A1DB-901D-458F-B266-ABEF53006DB3}.Debug|Any CPU.ActiveCfg = Debug|Any CPU
		{A649A1DB-901D-458F-B266-ABEF53006DB3}.Debug|Any CPU.Build.0 = Debug|Any CPU
		{A649A1DB-901D-458F-B266-ABEF53006DB3}.Debug|Mixed Platforms.ActiveCfg = Debug|x86
		{A649A1DB-901D-458F-B266-ABEF53006DB3}.Debug|Mixed Platforms.Build.0 = Debug|x86
		{A649A1DB-901D-458F-B266-ABEF53006DB3}.Debug|x86.ActiveCfg = Debug|x86
		{A649A1DB-901D-458F-B266-ABEF53006DB3}.Debug|x86.Build.0 = Debug|x86
		{A649A1DB-901D-458F-B266-ABEF53006DB3}.Release|Any CPU.ActiveCfg = Release|Any CPU
		{A649A1DB-901D-458F-B266-ABEF53006DB3}.Release|Any CPU.Build.0 = Release|Any CPU
		{A649A1DB-901D-458F-B266-ABEF53006DB3}.Release|Mixed Platforms.ActiveCfg = Release|x86
		{A649A1DB-901D-458F-B266-ABEF53006DB3}.Release|Mixed Platforms.Build.0 = Release|x86
		{A649A1DB-901D-458F-B266-ABEF53006DB3}.Release|x86.ActiveCfg = Release|x86
		{A649A1DB-901D-458F-B266-ABEF53006DB3}.Release|x86.Build.0 = Release|x86
	EndGlobalSection
	GlobalSection(SolutionProperties) = preSolution
		HideSolutionNode = FALSE
	EndGlobalSection
EndGlobal
